Microsoft Visual Studio Solution File, Format Version 12.00
# Visual Studio 2012
Project("{FAE04EC0-301F-11D3-BF4B-00C04F79EFBC}") = "weekOneGame", "weekOneGame.csproj", "{D157077A-6887-45E5-8E32-B6B31585D4CD}"
EndProject
Global
	GlobalSection(SolutionConfigurationPlatforms) = preSolution
	Debug|Any CPU = Debug|Any CPU
	ExportDebug|Any CPU = ExportDebug|Any CPU
	ExportRelease|Any CPU = ExportRelease|Any CPU
	EndGlobalSection
	GlobalSection(ProjectConfigurationPlatforms) = postSolution
		{D157077A-6887-45E5-8E32-B6B31585D4CD}.Debug|Any CPU.ActiveCfg = Debug|Any CPU
		{D157077A-6887-45E5-8E32-B6B31585D4CD}.Debug|Any CPU.Build.0 = Debug|Any CPU
		{D157077A-6887-45E5-8E32-B6B31585D4CD}.ExportDebug|Any CPU.ActiveCfg = ExportDebug|Any CPU
		{D157077A-6887-45E5-8E32-B6B31585D4CD}.ExportDebug|Any CPU.Build.0 = ExportDebug|Any CPU
		{D157077A-6887-45E5-8E32-B6B31585D4CD}.ExportRelease|Any CPU.ActiveCfg = ExportRelease|Any CPU
		{D157077A-6887-45E5-8E32-B6B31585D4CD}.ExportRelease|Any CPU.Build.0 = ExportRelease|Any CPU
	EndGlobalSection
EndGlobal
